
Microsoft Visual Studio Solution File, Format Version 12.00
# Visual Studio Version 17
VisualStudioVersion = 17.1.32210.238
MinimumVisualStudioVersion = 10.0.40219.1
Project("{FAE04EC0-301F-11D3-BF4B-00C04F79EFBC}") = "mvctraining", "mvctraining\mvctraining.csproj", "{D37C7BF1-9843-4D41-88F6-E6C7E56269BC}"
EndProject
Global
	GlobalSection(SolutionConfigurationPlatforms) = preSolution
		Debug|Any CPU = Debug|Any CPU
		Release|Any CPU = Release|Any CPU
	EndGlobalSection
	GlobalSection(ProjectConfigurationPlatforms) = postSolution
		{D37C7BF1-9843-4D41-88F6-E6C7E56269BC}.Debug|Any CPU.ActiveCfg = Debug|Any CPU
		{D37C7BF1-9843-4D41-88F6-E6C7E56269BC}.Debug|Any CPU.Build.0 = Debug|Any CPU
		{D37C7BF1-9843-4D41-88F6-E6C7E56269BC}.Release|Any CPU.ActiveCfg = Release|Any CPU
		{D37C7BF1-9843-4D41-88F6-E6C7E56269BC}.Release|Any CPU.Build.0 = Release|Any CPU
	EndGlobalSection
	GlobalSection(SolutionProperties) = preSolution
		HideSolutionNode = FALSE
	EndGlobalSection
	GlobalSection(ExtensibilityGlobals) = postSolution
		SolutionGuid = {8ACE914E-EC63-4002-9011-BE32D932C9DC}
	EndGlobalSection
EndGlobal
